<?xml version="1.0" encoding="UTF-8" standalone="yes" ?>
<CodeBlocks_project_file>
	<FileVersion major="1" minor="6" />
	<Project>
		<Option title="editor-gtk" />
		<Option pch_mode="2" />
		<Option compiler="gcc" />
		<Build>
			<Target title="Debug">
				<Option platforms="Unix;Mac;" />
				<Option output="../../LinuxBin/editor-gtk_d" prefix_auto="1" extension_auto="1" />
				<Option working_dir="../../LinuxBin/" />
				<Option object_output="obj/Debug/" />
				<Option type="1" />
				<Option compiler="gnu_gcc_compiler_42" />
				<Option parameters="brickstone.prj" />
				<Compiler>
					<Add option="-pg" />
					<Add option="-g" />
				</Compiler>
				<Linker>
					<Add option="-pg" />
					<Add option="`pkg-config libglademm-2.4 gthread-2.0 --libs`" />
					<Add library="FxGenLib_D" />
					<Add directory="../../LinuxBin" />
				</Linker>
			</Target>
			<Target title="Release">
				<Option platforms="Unix;Mac;" />
				<Option output="../../LinuxBin/editor-gtk" prefix_auto="1" extension_auto="1" />
				<Option working_dir="../../LinuxBin/" />
				<Option object_output="obj/Release/" />
				<Option type="0" />
				<Option compiler="gnu_gcc_compiler_42" />
				<Option parameters="test.prj" />
				<Compiler>
					<Add option="-O2" />
				</Compiler>
				<Linker>
					<Add option="-s" />
					<Add option="`pkg-config libglademm-2.4 gthread-2.0 --libs`" />
					<Add library="FxGenLib" />
					<Add directory="../../LinuxBin" />
				</Linker>
			</Target>
			<Target title="Windows Release">
				<Option platforms="Windows;" />
				<Option output="../../W32Bin/editor-gtk" prefix_auto="1" extension_auto="1" />
				<Option working_dir="../../W32Bin" />
				<Option object_output="obj/win32Release/" />
				<Option type="0" />
				<Option compiler="gcc" />
				<Option parameters="test.prj" />
				<Compiler>
					<Add option="-O2" />
				</Compiler>
				<Linker>
					<Add option="-s" />
					<Add option="`pkg-config libglademm-2.4 gthread-2.0 --libs`" />
					<Add library="FxGenLib" />
					<Add library="cairo" />
					<Add directory="../../W32Bin" />
					<Add directory="C:/GTK/lib" />
				</Linker>
			</Target>
			<Target title="Static Debug">
				<Option platforms="Unix;Mac;" />
				<Option output="../../LinuxBin/editor-gtk_ds" prefix_auto="1" extension_auto="1" />
				<Option working_dir="../../LinuxBin/" />
				<Option object_output="obj/Debug/" />
				<Option type="1" />
				<Option compiler="gcc" />
				<Compiler>
					<Add option="-pg" />
					<Add option="-g" />
				</Compiler>
				<Linker>
					<Add option="-pg" />
					<Add option="`pkg-config libglademm-2.4 gthread-2.0 --libs`" />
					<Add library="../../LinuxBin/libFxGenLib_D.a" />
					<Add library="../../LinuxBin/libvgvmd.a" />
					<Add directory="../../LinuxBin" />
				</Linker>
			</Target>
			<Target title="Release|Linux32">
				<Option platforms="Unix;Mac;" />
				<Option output="../../LinuxBin32/editor-gtk" prefix_auto="1" extension_auto="1" />
				<Option working_dir="../../LinuxBin32/" />
				<Option object_output="obj/Release32/" />
				<Option type="0" />
				<Option compiler="gcc" />
				<Option parameters="test.prj" />
				<Compiler>
					<Add option="-O2" />
					<Add option="-m32" />
				</Compiler>
				<Linker>
					<Add option="-s" />
					<Add option="`pkg-config libglademm-2.4 gthread-2.0 --libs`" />
					<Add option="-m32" />
					<Add library="FxGenLib" />
					<Add library="jpeg" />
					<Add library="tiff" />
					<Add directory="../../LinuxBin32" />
				</Linker>
			</Target>
		</Build>
		<Compiler>
			<Add option="-Wall" />
			<Add option="`pkg-config libglademm-2.4 --cflags`" />
			<Add option="-DTHREADS_ENABLED" />
			<Add directory="include" />
			<Add directory="../../Externals/tinyxml" />
			<Add directory="../../Externals/vgvm" />
		</Compiler>
		<Linker>
			<Add library="vgvm" />
			<Add library="tinyxml_lib" />
		</Linker>
		<Unit filename="include/DynamicMenu.h" />
		<Unit filename="include/MainMenu.h" />
		<Unit filename="include/MainWindow.h" />
		<Unit filename="include/Operators.h" />
		<Unit filename="include/ProjectTree.h" />
		<Unit filename="include/PropertyTable.h" />
		<Unit filename="include/TextureImage.h" />
		<Unit filename="include/fxgen_pch.h">
			<Option compile="1" />
		</Unit>
		<Unit filename="include/globals.h" />
		<Unit filename="include/pch.h">
			<Option compile="1" />
		</Unit>
		<Unit filename="src/DynamicMenu.cpp" />
		<Unit filename="src/MainMenu.cpp" />
		<Unit filename="src/MainWindow.cpp" />
		<Unit filename="src/OperatorWidget.cpp" />
		<Unit filename="src/OperatorsLayout.cpp" />
		<Unit filename="src/ProjectTree.cpp" />
		<Unit filename="src/PropertyTable.cpp" />
		<Unit filename="src/TextureImage.cpp" />
		<Unit filename="src/Utilities.cpp" />
		<Unit filename="src/editor.glade" />
		<Unit filename="src/editor_glade.cpp" />
		<Unit filename="src/main.cpp" />
		<Unit filename="src/menu.xml" />
		<Unit filename="src/menu_xml.cpp" />
		<Unit filename="version.h" />
		<Extensions>
			<envvars />
			<code_completion />
			<debugger />
			<lib_finder disable_auto="1" />
			<AutoVersioning>
				<Scheme minor_max="10" build_max="0" rev_max="0" rev_rand_max="10" build_times_to_increment_minor="100" />
				<Settings autoincrement="1" date_declarations="1" do_auto_increment="1" ask_to_increment="0" language="C++" svn="0" svn_directory="/usr/src/fxgen" header_path="version.h" />
				<Changes_Log show_changes_editor="0" app_title="released version %M.%m.%b of %p" changeslog_path="ChangesLog.txt" />
			</AutoVersioning>
		</Extensions>
	</Project>
</CodeBlocks_project_file>
