<?xml version="1.0" encoding="UTF-8" standalone="yes" ?>
<CodeBlocks_project_file>
	<FileVersion major="1" minor="6" />
	<Project>
		<Option title="BMP Extractor" />
		<Option pch_mode="2" />
		<Option compiler="gcc" />
		<Build>
			<Target title="Debug">
				<Option platforms="Windows;" />
				<Option output="../../W32Bin/testd" prefix_auto="1" extension_auto="1" />
				<Option object_output="obj/Debug/" />
				<Option type="1" />
				<Option compiler="gcc" />
				<Compiler>
					<Add option="-g" />
				</Compiler>
				<Linker>
					<Add library="../../W32Bin/libFxGenLib_D.a" />
				</Linker>
			</Target>
			<Target title="Release">
				<Option platforms="Windows;" />
				<Option output="../../W32Bin/test" prefix_auto="1" extension_auto="1" />
				<Option object_output="obj/Release/" />
				<Option type="1" />
				<Option compiler="gcc" />
				<Option parameters="Bricks.prj" />
				<Compiler>
					<Add option="-O2" />
				</Compiler>
				<Linker>
					<Add option="-s" />
					<Add library="../../W32Bin/libFxGenLib.a" />
				</Linker>
			</Target>
			<Target title="Linux Release">
				<Option platforms="Unix;Mac;" />
				<Option output="../../LinuxBin/test" prefix_auto="1" extension_auto="1" />
				<Option object_output="obj/Release/" />
				<Option type="1" />
				<Option compiler="gcc" />
				<Option parameters="Bricks.prj" />
				<Compiler>
					<Add option="-O2" />
					<Add option="-D__LINUX__" />
					<Add option="-DDECODE_ONLY" />
				</Compiler>
				<Linker>
					<Add option="-s" />
					<Add library="FxGenLib" />
					<Add library="cairomm-1.0" />
					<Add library="../../lib/libvgvm.a" />
					<Add directory="../../LinuxBin" />
				</Linker>
			</Target>
			<Target title="Linux Debug">
				<Option platforms="Unix;Mac;" />
				<Option output="../../LinuxBin/testd" prefix_auto="1" extension_auto="1" />
				<Option object_output="obj/Debug/" />
				<Option type="1" />
				<Option compiler="gcc" />
				<Option parameters="Bricks.prj" />
				<Compiler>
					<Add option="-D__LINUX__" />
				</Compiler>
				<Linker>
					<Add library="FxGenLib_D" />
					<Add library="../../lib/libvgvm.a" />
					<Add library="cairomm-1.0" />
					<Add directory="../../LinuxBin" />
				</Linker>
			</Target>
		</Build>
		<Compiler>
			<Add option="-Wall" />
			<Add option="-g" />
			<Add option="-fexceptions" />
			<Add directory="../../Src/FxGenLib" />
			<Add directory="../../Src" />
			<Add directory="../.." />
		</Compiler>
		<Unit filename="main.cpp" />
		<Extensions>
			<envvars />
			<code_completion />
			<debugger />
		</Extensions>
	</Project>
</CodeBlocks_project_file>
