<?xml version="1.0" encoding="UTF-8" standalone="yes" ?>
<CodeBlocks_project_file>
	<FileVersion major="1" minor="6" />
	<Project>
		<Option title="FxGenLib" />
		<Option pch_mode="2" />
		<Option default_target="Release|Win32" />
		<Option compiler="gcc" />
		<Build>
			<Target title="Debug|Win32">
				<Option platforms="Windows;" />
				<Option output="..\..\W32Bin\FxGenLib_D" prefix_auto="1" extension_auto="1" />
				<Option working_dir="..\..\W32Bin" />
				<Option object_output="Debug" />
				<Option type="3" />
				<Option compiler="gcc" />
				<Option host_application="Editor_D.exe" />
				<Option createDefFile="1" />
				<Option createStaticLib="1" />
				<Compiler>
					<Add option="-W" />
					<Add option="-Wall" />
					<Add option="-pg" />
					<Add option="-g" />
					<Add option="-O0" />
					<Add option="-DWIN32" />
					<Add option="-D_DEBUG" />
					<Add option="-D_USRDLL" />
					<Add option="-DFXGEN_EXPORTS" />
				</Compiler>
				<Linker>
					<Add option="-pg -lgmon" />
					<Add library="user32" />
					<Add library="..\..\lib\libvgvmd.a" />
					<Add library="..\..\..\..\..\..\GTK\lib\libcairomm-1.0.dll.a" />
					<Add library="..\..\..\..\..\..\GTK\lib\libcairo.dll.a" />
				</Linker>
				<ExtraCommands>
					<Add after="copy $(TargetDir)FxGenLib_D.dll ..\..\W32Bin\FxGenLib_D.dll" />
				</ExtraCommands>
			</Target>
			<Target title="Release|Win32">
				<Option platforms="Windows;" />
				<Option output="..\..\W32Bin\FxGenLib" prefix_auto="1" extension_auto="1" />
				<Option working_dir="..\..\W32Bin" />
				<Option object_output="Release" />
				<Option type="3" />
				<Option compiler="gcc" />
				<Option parameters="C:\Documents and Settings\wojownik\Desktop\noise.prj" />
				<Option host_application="Editor.exe" />
				<Option createDefFile="1" />
				<Option createStaticLib="1" />
				<Compiler>
					<Add option="-fexpensive-optimizations" />
					<Add option="-O3" />
					<Add option="-W" />
					<Add option="-ffast-math" />
					<Add option="-DWIN32" />
					<Add option="-DNDEBUG" />
					<Add option="-D_USRDLL" />
					<Add option="-DFXGEN_EXPORTS" />
				</Compiler>
				<Linker>
					<Add option="-s" />
					<Add library="user32" />
					<Add library="..\..\lib\libvgvm.a" />
					<Add library="..\..\..\..\..\..\GTK\lib\libcairomm-1.0.dll.a" />
					<Add library="..\..\..\..\..\..\GTK\lib\libcairo.dll.a" />
				</Linker>
				<ExtraCommands>
					<Add after="copy $(TargetDir) ..\..\W32Bin\" />
				</ExtraCommands>
			</Target>
			<Target title="Tiny Release|Win32">
				<Option platforms="Windows;" />
				<Option output="Tiny Release_Win32\libFxGenLib" prefix_auto="1" extension_auto="1" />
				<Option working_dir="" />
				<Option object_output="Tiny Release_Win32" />
				<Option type="2" />
				<Option compiler="gcc" />
				<Option createDefFile="1" />
				<Compiler>
					<Add option="-DWIN32" />
					<Add option="-DNDEBUG" />
					<Add option="-D_LIB" />
					<Add option="-D_MODE_EDITION" />
					<Add option="-W" />
					<Add option="-g" />
					<Add option="-O1" />
				</Compiler>
			</Target>
			<Target title="Release DLL|Win32">
				<Option platforms="Windows;" />
				<Option output="FxGenLib" prefix_auto="1" extension_auto="1" />
				<Option object_output="Release DLL|Win32" />
				<Option type="3" />
				<Option compiler="gcc" />
				<Option createDefFile="1" />
				<Option createStaticLib="1" />
				<Compiler>
					<Add option="-DWIN32" />
					<Add option="-DNDEBUG" />
					<Add option="-D_LIB" />
					<Add option="-DFXGEN_EXPORTS" />
					<Add option="-W" />
					<Add option="-g" />
					<Add option="-O2" />
				</Compiler>
			</Target>
			<Target title="Release">
				<Option platforms="Unix;Mac;" />
				<Option output="..\..\LinuxBin\libFxGenLib" prefix_auto="1" extension_auto="1" />
				<Option working_dir="" />
				<Option object_output="Release" />
				<Option type="2" />
				<Option compiler="gcc" />
				<Option parameters="C:\Documents and Settings\wojownik\Desktop\noise.prj" />
				<Option host_application="Editor.exe" />
				<Option createDefFile="1" />
				<Compiler>
					<Add option="-O2" />
					<Add option="-W" />
					<Add option="-g" />
					<Add option="-fPIC" />
					<Add option="-DWIN32" />
					<Add option="-DNDEBUG" />
					<Add option="-D_USRDLL" />
					<Add option="-DFXGEN_EXPORTS" />
				</Compiler>
				<Linker>
					<Add option="-s" />
					<Add library="..\..\..\..\..\home\wojownik\Desktop\Desktop\FXGen\lib\libvgvm.a" />
				</Linker>
			</Target>
			<Target title="Debug">
				<Option platforms="Unix;Mac;" />
				<Option output="..\..\LinuxBin\FxGenLib_D" prefix_auto="1" extension_auto="1" />
				<Option working_dir="..\..\LinuxBin" />
				<Option object_output="Release" />
				<Option type="3" />
				<Option compiler="gcc" />
				<Option parameters="C:\Documents and Settings\wojownik\Desktop\noise.prj" />
				<Option host_application="Editor.exe" />
				<Option createDefFile="1" />
				<Option createStaticLib="1" />
				<Compiler>
					<Add option="-W" />
					<Add option="-pg" />
					<Add option="-g" />
					<Add option="-fPIC" />
					<Add option="-DWIN32" />
					<Add option="-DNDEBUG" />
					<Add option="-D_USRDLL" />
					<Add option="-DFXGEN_EXPORTS" />
				</Compiler>
				<Linker>
					<Add option="-pg" />
				</Linker>
			</Target>
		</Build>
		<Compiler>
			<Add option="-DHQNOISE" />
			<Add directory="..\..\Externals\vgvm" />
		</Compiler>
		<Unit filename="Archive.cpp" />
		<Unit filename="Archive.h" />
		<Unit filename="Bitmap.cpp" />
		<Unit filename="Bitmap.h" />
		<Unit filename="CombineOps.cpp" />
		<Unit filename="CombineOps.h" />
		<Unit filename="Controllers.cpp" />
		<Unit filename="Controllers.h" />
		<Unit filename="Core.cpp" />
		<Unit filename="Core.h" />
		<Unit filename="DistordOps.cpp" />
		<Unit filename="DistordOps.h" />
		<Unit filename="EngineOp.cpp" />
		<Unit filename="EngineOp.h" />
		<Unit filename="FilterOps.cpp" />
		<Unit filename="FilterOps.h" />
		<Unit filename="MainOps.cpp" />
		<Unit filename="MainOps.h" />
		<Unit filename="Maths.cpp" />
		<Unit filename="Maths.h" />
		<Unit filename="RenderOps.cpp" />
		<Unit filename="RenderOps.h" />
		<Unit filename="Stream.cpp" />
		<Unit filename="Stream.h" />
		<Unit filename="pch.cpp" />
		<Unit filename="pch.h" />
		<Unit filename="..\gcccompat\gcccompat.h" />
		<Extensions>
			<code_completion />
			<envvars />
			<debugger />
		</Extensions>
	</Project>
</CodeBlocks_project_file>
