<?xml version="1.0" encoding="UTF-8" standalone="yes" ?>
<CodeBlocks_project_file>
	<FileVersion major="1" minor="6" />
	<Project>
		<Option title="FxGenLib" />
		<Option pch_mode="2" />
		<Option default_target="Release|Win32" />
		<Option compiler="gcc" />
		<Option virtualFolders="Core/;Engine/;Std ops/;Media Types/;" />
		<Build>
			<Target title="Debug|Win32">
				<Option platforms="Windows;" />
				<Option output="../../W32Bin/FxGenLib_D" prefix_auto="1" extension_auto="1" />
				<Option working_dir="../../W32Bin" />
				<Option object_output="Debug" />
				<Option type="3" />
				<Option compiler="gcc" />
				<Option host_application="Editor_D.exe" />
				<Option createDefFile="1" />
				<Option createStaticLib="1" />
				<Compiler>
					<Add option="-W" />
					<Add option="-Wall" />
					<Add option="-pg" />
					<Add option="-g" />
					<Add option="-O0" />
					<Add option="-DWIN32" />
					<Add option="-D_DEBUG" />
					<Add option="-D_USRDLL" />
					<Add option="-DFXGEN_EXPORTS" />
				</Compiler>
				<Linker>
					<Add option="-pg -lgmon" />
					<Add library="user32" />
				</Linker>
			</Target>
			<Target title="Release|Win32">
				<Option platforms="Windows;" />
				<Option output="../../W32Bin/FxGenLib" prefix_auto="1" extension_auto="1" />
				<Option working_dir="../../W32Bin" />
				<Option object_output="Release" />
				<Option type="3" />
				<Option compiler="gcc" />
				<Option parameters="C:\Documents and Settings\wojownik\Desktop\noise.prj" />
				<Option host_application="Editor.exe" />
				<Option createDefFile="1" />
				<Option createStaticLib="1" />
				<Compiler>
					<Add option="-fexpensive-optimizations" />
					<Add option="-O3" />
					<Add option="-W" />
					<Add option="-ffast-math" />
					<Add option="-DWIN32" />
					<Add option="-DNDEBUG" />
					<Add option="-D_USRDLL" />
					<Add option="-DFXGEN_EXPORTS" />
				</Compiler>
				<Linker>
					<Add option="-s" />
					<Add library="user32" />
				</Linker>
			</Target>
			<Target title="Debug|Linux32">
				<Option platforms="Unix;" />
				<Option output="../../Linux32Bin/FxGenLib_D" prefix_auto="1" extension_auto="1" />
				<Option working_dir="../../W32Bin" />
				<Option object_output="Debug" />
				<Option type="3" />
				<Option compiler="gcc" />
				<Option host_application="Editor_D.exe" />
				<Option createDefFile="1" />
				<Option createStaticLib="1" />
				<Compiler>
					<Add option="-W" />
					<Add option="-Wall" />
					<Add option="-pg" />
					<Add option="-g" />
					<Add option="-O0" />
					<Add option="-D_DEBUG" />
					<Add option="-D_USRDLL" />
					<Add option="-DSTATIC_BUILD" />
				</Compiler>
				<Linker>
					<Add option="-pg" />
				</Linker>
			</Target>
		</Build>
		<Compiler>
			<Add option="-DHQNOISE" />
			<Add directory="../../Externals/vgvm" />
			<Add directory="../../Externals" />
		</Compiler>
		<Unit filename="Archive.cpp">
			<Option virtualFolder="Core/" />
		</Unit>
		<Unit filename="Archive.h">
			<Option virtualFolder="Core/" />
		</Unit>
		<Unit filename="Bitmap.cpp">
			<Option virtualFolder="Media Types/" />
		</Unit>
		<Unit filename="Bitmap.h">
			<Option virtualFolder="Media Types/" />
		</Unit>
		<Unit filename="CombineOps.cpp">
			<Option virtualFolder="Std ops/" />
		</Unit>
		<Unit filename="CombineOps.h">
			<Option virtualFolder="Std ops/" />
		</Unit>
		<Unit filename="Controllers.cpp">
			<Option virtualFolder="Engine/" />
		</Unit>
		<Unit filename="Controllers.h">
			<Option virtualFolder="Engine/" />
		</Unit>
		<Unit filename="Core.cpp">
			<Option virtualFolder="Core/" />
		</Unit>
		<Unit filename="Core.h">
			<Option virtualFolder="Core/" />
		</Unit>
		<Unit filename="DistordOps.cpp">
			<Option virtualFolder="Std ops/" />
		</Unit>
		<Unit filename="DistordOps.h">
			<Option virtualFolder="Std ops/" />
		</Unit>
		<Unit filename="EngineOp.cpp">
			<Option virtualFolder="Engine/" />
		</Unit>
		<Unit filename="EngineOp.h">
			<Option virtualFolder="Engine/" />
		</Unit>
		<Unit filename="FilterOps.cpp">
			<Option virtualFolder="Std ops/" />
		</Unit>
		<Unit filename="FilterOps.h">
			<Option virtualFolder="Std ops/" />
		</Unit>
		<Unit filename="MainOps.cpp">
			<Option virtualFolder="Std ops/" />
		</Unit>
		<Unit filename="MainOps.h">
			<Option virtualFolder="Std ops/" />
		</Unit>
		<Unit filename="Maths.cpp">
			<Option virtualFolder="Core/" />
		</Unit>
		<Unit filename="Maths.h">
			<Option virtualFolder="Core/" />
		</Unit>
		<Unit filename="RectangularArray.h">
			<Option virtualFolder="Core/" />
		</Unit>
		<Unit filename="RenderOps.cpp">
			<Option virtualFolder="Std ops/" />
		</Unit>
		<Unit filename="RenderOps.h">
			<Option virtualFolder="Std ops/" />
		</Unit>
		<Unit filename="Stream.cpp">
			<Option virtualFolder="Core/" />
		</Unit>
		<Unit filename="Stream.h">
			<Option virtualFolder="Core/" />
		</Unit>
		<Unit filename="pch.cpp" />
		<Unit filename="pch.h" />
		<Extensions>
			<code_completion />
			<envvars />
			<debugger />
		</Extensions>
	</Project>
</CodeBlocks_project_file>
