<?xml version="1.0" encoding="UTF-8" standalone="yes" ?>
<CodeBlocks_project_file>
	<FileVersion major="1" minor="6" />
	<Project>
		<Option title="FxGenLib" />
		<Option pch_mode="2" />
		<Option default_target="Release|Win32" />
		<Option compiler="gcc" />
		<Build>
			<Target title="Debug|Win32">
				<Option platforms="Windows;" />
				<Option output="..\..\W32Bin\libFxGenLib_D" prefix_auto="1" extension_auto="1" />
				<Option working_dir="..\..\W32Bin" />
				<Option object_output="Debug" />
				<Option type="3" />
				<Option compiler="gcc" />
				<Option host_application="TestModulesd.exe" />
				<Option createDefFile="1" />
				<Option createStaticLib="1" />
				<Compiler>
					<Add option="-W" />
					<Add option="-Wall" />
					<Add option="-pg" />
					<Add option="-g" />
					<Add option="-O0" />
					<Add option="-DWIN32" />
					<Add option="-D_DEBUG" />
					<Add option="-D_USRDLL" />
					<Add option="-DFXGEN_EXPORTS" />
				</Compiler>
				<Linker>
					<Add option="-pg -lgmon" />
					<Add option="-pg" />
					<Add library="user32" />
				</Linker>
				<ExtraCommands>
					<Add after="copy $(TargetDir)FxGenLib_D.dll ..\..\W32Bin\FxGenLib_D.dll" />
				</ExtraCommands>
			</Target>
			<Target title="Release|Win32">
				<Option platforms="Windows;Unix;" />
				<Option output="..\..\W32Bin\FxGenLib.dll" prefix_auto="0" extension_auto="0" />
				<Option working_dir="..\..\W32Bin" />
				<Option object_output="ReleaseWin32" />
				<Option type="3" />
				<Option compiler="gcc" />
				<Option parameters="C:\Documents and Settings\wojownik\Desktop\noise.prj" />
				<Option host_application="Editor.exe" />
				<Option createDefFile="1" />
				<Option createStaticLib="1" />
				<Compiler>
					<Add option="-fexpensive-optimizations" />
					<Add option="-O3" />
					<Add option="-W" />
					<Add option="-ffast-math" />
					<Add option="-DWIN32" />
					<Add option="-DNDEBUG" />
					<Add option="-D_USRDLL" />
					<Add option="-DFXGEN_EXPORTS" />
				</Compiler>
				<Linker>
					<Add option="-s" />
					<Add library="user32" />
					<Add directory="..\..\W32Bin" />
				</Linker>
				<ExtraCommands>
					<Add after="copy $(TargetDir) ..\..\W32Bin\" />
				</ExtraCommands>
			</Target>
			<Target title="Release|Linux">
				<Option platforms="Unix;Mac;" />
				<Option output="..\..\LinuxBin\libFxGenLib" prefix_auto="1" extension_auto="1" />
				<Option working_dir="..\..\LinuxBin" />
				<Option object_output="Release" />
				<Option type="3" />
				<Option compiler="gcc" />
				<Option parameters="brickstone.prj" />
				<Option host_application=".\editor-gtk" />
				<Option createDefFile="1" />
				<Compiler>
					<Add option="-O3" />
					<Add option="-W" />
					<Add option="-fPIC" />
					<Add option="-DWIN32" />
					<Add option="-DNDEBUG" />
					<Add option="-D_USRDLL" />
					<Add option="-DFXGEN_EXPORTS" />
					<Add option="-D__LINUX__" />
					<Add option="-DTHREADS_ENABLED" />
					<Add option="-DBrickStoneWorks" />
				</Compiler>
				<Linker>
					<Add option="-s" />
					<Add directory="..\..\LinuxBin" />
				</Linker>
			</Target>
			<Target title="Debug|Linux">
				<Option platforms="Unix;Mac;" />
				<Option output="..\..\LinuxBin\libFxGenLib_D" prefix_auto="1" extension_auto="1" />
				<Option working_dir="..\..\LinuxBin" />
				<Option object_output="Debug" />
				<Option type="3" />
				<Option compiler="gcc" />
				<Option host_application=".\editor-gtk_d" />
				<Option createDefFile="1" />
				<Compiler>
					<Add option="-W" />
					<Add option="-pg" />
					<Add option="-g" />
					<Add option="-fPIC" />
					<Add option="-DWIN32" />
					<Add option="-DNDEBUG" />
					<Add option="-D_USRDLL" />
					<Add option="-DFXGEN_EXPORTS" />
					<Add option="-D__LINUX__" />
					<Add option="-DTHREADS_ENABLED" />
					<Add option="-DBrickStoneWorks" />
				</Compiler>
				<Linker>
					<Add option="-pg -lgmon" />
					<Add option="-pg" />
					<Add directory="..\..\LinuxBin" />
				</Linker>
			</Target>
			<Target title="Release|Mingw32">
				<Option platforms="Windows;Unix;" />
				<Option output="..\..\W32Bin\FxGenLib.dll" prefix_auto="0" extension_auto="0" />
				<Option working_dir="..\..\W32Bin" />
				<Option object_output="ReleaseMingw32" />
				<Option type="3" />
				<Option compiler="gcc" />
				<Option parameters="C:\Documents and Settings\wojownik\Desktop\noise.prj" />
				<Option host_application="Editor.exe" />
				<Option createDefFile="1" />
				<Option createStaticLib="1" />
				<Compiler>
					<Add option="-fexpensive-optimizations" />
					<Add option="-O3" />
					<Add option="-W" />
					<Add option="-ffast-math" />
					<Add option="-DWIN32" />
					<Add option="-DNDEBUG" />
					<Add option="-D_USRDLL" />
					<Add option="-DFXGEN_EXPORTS" />
				</Compiler>
				<Linker>
					<Add option="-s" />
					<Add library="user32" />
					<Add directory="..\..\W32Bin" />
				</Linker>
				<ExtraCommands>
					<Add after="copy $(TargetDir) ..\..\W32Bin\" />
				</ExtraCommands>
			</Target>
			<Target title="Static Debug|Linux">
				<Option platforms="Unix;Mac;" />
				<Option output="..\..\LinuxBin\libFxGenLib_D" prefix_auto="1" extension_auto="1" />
				<Option working_dir="" />
				<Option object_output="Debug" />
				<Option type="2" />
				<Option compiler="gcc" />
				<Option host_application=".\editor-gtk_d" />
				<Option createDefFile="1" />
				<Compiler>
					<Add option="-W" />
					<Add option="-pg" />
					<Add option="-g" />
					<Add option="-fPIC" />
					<Add option="-DWIN32" />
					<Add option="-DNDEBUG" />
					<Add option="-D_USRDLL" />
					<Add option="-DFXGEN_EXPORTS" />
					<Add option="-D__LINUX__" />
					<Add option="-DTHREADS_ENABLED" />
				</Compiler>
				<Linker>
					<Add option="-pg -lgmon" />
					<Add option="-pg" />
					<Add directory="..\..\LinuxBin" />
				</Linker>
			</Target>
			<Target title="Release|Linux32">
				<Option platforms="Unix;Mac;" />
				<Option output="..\..\LinuxBin32\libFxGenLib" prefix_auto="1" extension_auto="1" />
				<Option working_dir="..\..\LinuxBin32" />
				<Option object_output="Release32" />
				<Option type="3" />
				<Option compiler="gcc" />
				<Option parameters="brickstone.prj" />
				<Option host_application=".\editor-gtk" />
				<Option createDefFile="1" />
				<Compiler>
					<Add option="-O3" />
					<Add option="-W" />
					<Add option="-fPIC" />
					<Add option="-m32" />
					<Add option="-DWIN32" />
					<Add option="-DNDEBUG" />
					<Add option="-D_USRDLL" />
					<Add option="-DFXGEN_EXPORTS" />
					<Add option="-D__LINUX__" />
					<Add option="-DTHREADS_ENABLED" />
					<Add option="-DBrickStoneWorks" />
				</Compiler>
				<Linker>
					<Add option="-s" />
					<Add option="-m32" />
					<Add directory="..\..\LinuxBin32" />
				</Linker>
			</Target>
		</Build>
		<Compiler>
			<Add option="-DHQNOISE" />
			<Add directory="..\..\Externals\vgvm" />
			<Add directory="..\..\Externals" />
			<Add directory="..\..\Src" />
			<Add directory="..\noise" />
			<Add directory="..\noiseutils" />
		</Compiler>
		<Unit filename="Archive.cpp" />
		<Unit filename="Archive.h" />
		<Unit filename="Bitmap.cpp" />
		<Unit filename="Bitmap.h" />
		<Unit filename="CombineOps.cpp" />
		<Unit filename="CombineOps.h" />
		<Unit filename="Controllers.cpp" />
		<Unit filename="Controllers.h" />
		<Unit filename="Core.cpp" />
		<Unit filename="Core.h" />
		<Unit filename="DistordOps.cpp" />
		<Unit filename="DistordOps.h" />
		<Unit filename="EngineOp.cpp" />
		<Unit filename="EngineOp.h" />
		<Unit filename="FilterOps.cpp" />
		<Unit filename="FilterOps.h" />
		<Unit filename="MainOps.cpp" />
		<Unit filename="MainOps.h" />
		<Unit filename="Maths.cpp" />
		<Unit filename="Maths.h" />
		<Unit filename="RectangularArray.h" />
		<Unit filename="RenderOps.cpp" />
		<Unit filename="RenderOps.h" />
		<Unit filename="Stream.cpp" />
		<Unit filename="Stream.h" />
		<Unit filename="pch.cpp">
			<Option weight="0" />
		</Unit>
		<Unit filename="pch.h">
			<Option compile="1" />
		</Unit>
		<Unit filename="..\gcccompat\gcccompat.h" />
		<Extensions>
			<code_completion />
			<envvars />
			<debugger />
			<AutoVersioning>
				<Scheme minor_max="10" build_max="0" rev_max="0" rev_rand_max="10" build_times_to_increment_minor="100" />
				<Settings autoincrement="1" date_declarations="1" do_auto_increment="0" ask_to_increment="0" language="C++" svn="0" svn_directory="" header_path="version.h" />
				<Changes_Log show_changes_editor="0" app_title="released version %M.%m.%b of %p" changeslog_path="ChangesLog.txt" />
			</AutoVersioning>
		</Extensions>
	</Project>
</CodeBlocks_project_file>
