Microsoft Visual Studio Solution File, Format Version 9.00
# Visual Studio 2005
Project("{8BC9CEB8-8B4A-11D0-8D11-00A0C91BC942}") = "FxGenLib", "..\Src\FxGenLib\FxGenLib.vcproj", "{D39F9951-FC48-4410-93AC-CEAF6934BF3F}"
EndProject
Project("{8BC9CEB8-8B4A-11D0-8D11-00A0C91BC942}") = "GUILib", "..\Src\GUILib\GUILib.vcproj", "{D09B1D9E-17D5-4F94-8308-0D30D4FEB588}"
	ProjectSection(ProjectDependencies) = postProject
		{D39F9951-FC48-4410-93AC-CEAF6934BF3F} = {D39F9951-FC48-4410-93AC-CEAF6934BF3F}
	EndProjectSection
EndProject
Project("{8BC9CEB8-8B4A-11D0-8D11-00A0C91BC942}") = "Editor", "..\Src\Editor\Editor.vcproj", "{BF19E0F1-93B4-4D52-8F13-CDA1B6524F79}"
	ProjectSection(ProjectDependencies) = postProject
		{D39F9951-FC48-4410-93AC-CEAF6934BF3F} = {D39F9951-FC48-4410-93AC-CEAF6934BF3F}
		{D09B1D9E-17D5-4F94-8308-0D30D4FEB588} = {D09B1D9E-17D5-4F94-8308-0D30D4FEB588}
	EndProjectSection
EndProject
Project("{2150E333-8FDC-42A3-9474-1A3956D46DE8}") = "Solution Items", "Solution Items", "{1D491AC5-750C-4705-8B7D-C3678297EF48}"
	ProjectSection(SolutionItems) = preProject
		..\Src\FxGen API.txt = ..\Src\FxGen API.txt
		..\Src\FxGen TODO.txt = ..\Src\FxGen TODO.txt
	EndProjectSection
EndProject
Global
	GlobalSection(SolutionConfigurationPlatforms) = preSolution
		Debug|Win32 = Debug|Win32
		Release|Win32 = Release|Win32
	EndGlobalSection
	GlobalSection(ProjectConfigurationPlatforms) = postSolution
		{D39F9951-FC48-4410-93AC-CEAF6934BF3F}.Debug|Win32.ActiveCfg = Debug|Win32
		{D39F9951-FC48-4410-93AC-CEAF6934BF3F}.Debug|Win32.Build.0 = Debug|Win32
		{D39F9951-FC48-4410-93AC-CEAF6934BF3F}.Release|Win32.ActiveCfg = Release|Win32
		{D39F9951-FC48-4410-93AC-CEAF6934BF3F}.Release|Win32.Build.0 = Release|Win32
		{D09B1D9E-17D5-4F94-8308-0D30D4FEB588}.Debug|Win32.ActiveCfg = Debug|Win32
		{D09B1D9E-17D5-4F94-8308-0D30D4FEB588}.Debug|Win32.Build.0 = Debug|Win32
		{D09B1D9E-17D5-4F94-8308-0D30D4FEB588}.Release|Win32.ActiveCfg = Release|Win32
		{D09B1D9E-17D5-4F94-8308-0D30D4FEB588}.Release|Win32.Build.0 = Release|Win32
		{BF19E0F1-93B4-4D52-8F13-CDA1B6524F79}.Debug|Win32.ActiveCfg = Debug|Win32
		{BF19E0F1-93B4-4D52-8F13-CDA1B6524F79}.Debug|Win32.Build.0 = Debug|Win32
		{BF19E0F1-93B4-4D52-8F13-CDA1B6524F79}.Release|Win32.ActiveCfg = Release|Win32
		{BF19E0F1-93B4-4D52-8F13-CDA1B6524F79}.Release|Win32.Build.0 = Release|Win32
	EndGlobalSection
	GlobalSection(SolutionProperties) = preSolution
		HideSolutionNode = FALSE
	EndGlobalSection
EndGlobal
